
Microsoft Visual Studio Solution File, Format Version 12.00
# Visual Studio Version 17
VisualStudioVersion = 17.5.002.0
MinimumVisualStudioVersion = 10.0.40219.1
Project("{9A19103F-16F7-4668-BE54-9A1E7A4F7556}") = "Example001_HelloConsole", "Example001_HelloConsole.csproj", "{51DF9D09-8E7A-4CB6-AF63-6CE364A6F9B0}"
EndProject
Global
	GlobalSection(SolutionConfigurationPlatforms) = preSolution
		Debug|Any CPU = Debug|Any CPU
		Release|Any CPU = Release|Any CPU
	EndGlobalSection
	GlobalSection(ProjectConfigurationPlatforms) = postSolution
		{51DF9D09-8E7A-4CB6-AF63-6CE364A6F9B0}.Debug|Any CPU.ActiveCfg = Debug|Any CPU
		{51DF9D09-8E7A-4CB6-AF63-6CE364A6F9B0}.Debug|Any CPU.Build.0 = Debug|Any CPU
		{51DF9D09-8E7A-4CB6-AF63-6CE364A6F9B0}.Release|Any CPU.ActiveCfg = Release|Any CPU
		{51DF9D09-8E7A-4CB6-AF63-6CE364A6F9B0}.Release|Any CPU.Build.0 = Release|Any CPU
	EndGlobalSection
	GlobalSection(SolutionProperties) = preSolution
		HideSolutionNode = FALSE
	EndGlobalSection
	GlobalSection(ExtensibilityGlobals) = postSolution
		SolutionGuid = {D3FA3057-7D9B-403B-A6C9-A28F35BD102B}
	EndGlobalSection
EndGlobal
